{
  "version": 4,
  "terraform_version": "0.12.18",
  "serial": 47,
  "lineage": "7331d128-e178-0afa-a36b-b88c89e8e6c1",
  "outputs": {},
  "resources": [
    {
      "mode": "managed",
      "type": "azurerm_app_service",
      "name": "sahn-appservice",
      "provider": "provider.azurerm",
      "instances": [
        {
          "schema_version": 0,
          "attributes": {
            "app_service_plan_id": "/subscriptions/dbb70328-bcac-4d68-a711-e3d511c03e12/resourceGroups/test-luis/providers/Microsoft.Web/serverfarms/test-luis-appserviceplan",
            "app_settings": {},
            "auth_settings": [
              {
                "active_directory": [],
                "additional_login_params": {},
                "allowed_external_redirect_urls": [],
                "default_provider": "",
                "enabled": false,
                "facebook": [],
                "google": [],
                "issuer": "",
                "microsoft": [],
                "runtime_version": "",
                "token_refresh_extension_hours": 0,
                "token_store_enabled": false,
                "twitter": [],
                "unauthenticated_client_action": ""
              }
            ],
            "backup": [],
            "client_affinity_enabled": true,
            "client_cert_enabled": false,
            "connection_string": [],
            "default_site_hostname": "test-luis-app-service.azurewebsites.net",
            "enabled": true,
            "https_only": false,
            "id": "/subscriptions/dbb70328-bcac-4d68-a711-e3d511c03e12/resourceGroups/test-luis/providers/Microsoft.Web/sites/test-luis-app-service",
            "identity": [],
            "location": "southcentralus",
            "logs": [
              {
                "application_logs": [
                  {
                    "azure_blob_storage": []
                  }
                ],
                "http_logs": [
                  {
                    "azure_blob_storage": [],
                    "file_system": []
                  }
                ]
              }
            ],
            "name": "test-luis-app-service",
            "outbound_ip_addresses": "13.84.227.164,52.171.221.149,52.171.217.1,52.171.217.147,52.171.219.120",
            "possible_outbound_ip_addresses": "13.84.227.164,52.171.221.149,52.171.217.1,52.171.217.147,52.171.219.120,52.171.52.137,13.84.201.190",
            "resource_group_name": "test-luis",
            "site_config": [
              {
                "always_on": false,
                "app_command_line": "",
                "auto_swap_slot_name": "",
                "cors": [
                  {
                    "allowed_origins": [],
                    "support_credentials": false
                  }
                ],
                "default_documents": [],
                "dotnet_framework_version": "v4.0",
                "ftps_state": "AllAllowed",
                "http2_enabled": false,
                "ip_restriction": [],
                "java_container": "",
                "java_container_version": "",
                "java_version": "",
                "linux_fx_version": "",
                "local_mysql_enabled": false,
                "managed_pipeline_mode": "Integrated",
                "min_tls_version": "1.2",
                "php_version": "",
                "python_version": "2.7",
                "remote_debugging_enabled": false,
                "remote_debugging_version": "VS2019",
                "scm_type": "None",
                "use_32_bit_worker_process": true,
                "virtual_network_name": "",
                "websockets_enabled": false,
                "windows_fx_version": ""
              }
            ],
            "site_credential": [
              {
                "password": "DR5MxmFa1epLjRRFsxwQmdp4W5iEaH9Q5wgoxmYPpQPSohz9okDZveGhDJo7",
                "username": "$test-luis-app-service"
              }
            ],
            "source_control": [
              {
                "branch": "master",
                "repo_url": ""
              }
            ],
            "storage_account": [],
            "tags": {}
          },
          "private": "bnVsbA==",
          "dependencies": [
            "azurerm_app_service_plan.test-appservice",
            "azurerm_resource_group.test-group"
          ]
        }
      ]
    },
    {
      "mode": "managed",
      "type": "azurerm_app_service_plan",
      "name": "test-appservice",
      "provider": "provider.azurerm",
      "instances": [
        {
          "schema_version": 0,
          "attributes": {
            "app_service_environment_id": null,
            "id": "/subscriptions/dbb70328-bcac-4d68-a711-e3d511c03e12/resourceGroups/test-luis/providers/Microsoft.Web/serverfarms/test-luis-appserviceplan",
            "is_xenon": false,
            "kind": "linux",
            "location": "southcentralus",
            "maximum_elastic_worker_count": 1,
            "maximum_number_of_workers": 1,
            "name": "test-luis-appserviceplan",
            "per_site_scaling": false,
            "properties": [
              {
                "app_service_environment_id": "",
                "per_site_scaling": false,
                "reserved": true
              }
            ],
            "reserved": true,
            "resource_group_name": "test-luis",
            "sku": [
              {
                "capacity": 1,
                "size": "F1",
                "tier": "Free"
              }
            ],
            "tags": {}
          },
          "private": "bnVsbA==",
          "dependencies": [
            "azurerm_resource_group.test-group"
          ]
        }
      ]
    },
    {
      "mode": "managed",
      "type": "azurerm_resource_group",
      "name": "test-group",
      "provider": "provider.azurerm",
      "instances": [
        {
          "schema_version": 0,
          "attributes": {
            "id": "/subscriptions/dbb70328-bcac-4d68-a711-e3d511c03e12/resourceGroups/test-luis",
            "location": "southcentralus",
            "name": "test-luis",
            "tags": {}
          },
          "private": "bnVsbA=="
        }
      ]
    },
    {
      "mode": "managed",
      "type": "azurerm_virtual_network",
      "name": "test-network",
      "provider": "provider.azurerm",
      "instances": [
        {
          "schema_version": 0,
          "attributes": {
            "address_space": [
              "10.0.0.0/16"
            ],
            "ddos_protection_plan": [],
            "dns_servers": [],
            "id": "/subscriptions/dbb70328-bcac-4d68-a711-e3d511c03e12/resourceGroups/test-luis/providers/Microsoft.Network/virtualNetworks/test-luis-network",
            "location": "southcentralus",
            "name": "test-luis-network",
            "resource_group_name": "test-luis",
            "subnet": [],
            "tags": {}
          },
          "private": "bnVsbA==",
          "dependencies": [
            "azurerm_resource_group.test-group"
          ]
        }
      ]
    }
  ]
}
